
Microsoft Visual Studio Solution File, Format Version 12.00
Project("{FAE04EC0-301F-11D3-BF4B-00C04F79EFBC}") = "Training", "Training\Training.csproj", "{6C05D9AD-B3C0-4FF7-8FB1-09B3C1917D41}"
EndProject
Project("{FAE04EC0-301F-11D3-BF4B-00C04F79EFBC}") = "TrainingTests", "TrainingTests\TrainingTests.csproj", "{5F6EE9FB-B19B-40CA-8578-83D6880FC7BC}"
EndProject
Global
	GlobalSection(SolutionConfigurationPlatforms) = preSolution
		Debug|Any CPU = Debug|Any CPU
		Release|Any CPU = Release|Any CPU
	EndGlobalSection
	GlobalSection(ProjectConfigurationPlatforms) = postSolution
		{6C05D9AD-B3C0-4FF7-8FB1-09B3C1917D41}.Debug|Any CPU.ActiveCfg = Debug|Any CPU
		{6C05D9AD-B3C0-4FF7-8FB1-09B3C1917D41}.Debug|Any CPU.Build.0 = Debug|Any CPU
		{6C05D9AD-B3C0-4FF7-8FB1-09B3C1917D41}.Release|Any CPU.ActiveCfg = Release|Any CPU
		{6C05D9AD-B3C0-4FF7-8FB1-09B3C1917D41}.Release|Any CPU.Build.0 = Release|Any CPU
		{5F6EE9FB-B19B-40CA-8578-83D6880FC7BC}.Debug|Any CPU.ActiveCfg = Debug|Any CPU
		{5F6EE9FB-B19B-40CA-8578-83D6880FC7BC}.Debug|Any CPU.Build.0 = Debug|Any CPU
		{5F6EE9FB-B19B-40CA-8578-83D6880FC7BC}.Release|Any CPU.ActiveCfg = Release|Any CPU
		{5F6EE9FB-B19B-40CA-8578-83D6880FC7BC}.Release|Any CPU.Build.0 = Release|Any CPU
	EndGlobalSection
EndGlobal
